PODS:
  - Alamofire (5.2.2)
  - Kingfisher (5.15.2):
    - Kingfisher/Core (= 5.15.2)
  - Kingfisher/Core (5.15.2)

DEPENDENCIES:
  - Alamofire (~> 5.2)
  - Kingfisher (~> 5.0)

SPEC REPOS:
  trunk:
    - Alamofire
    - Kingfisher

SPEC CHECKSUMS:
  Alamofire: 814429acc853c6c54ff123fc3d2ef66803823ce0
  Kingfisher: 1f60394409c6b916ce31474bcf73fdde6f3b9a7b

PODFILE CHECKSUM: d2916de3b5a5f52e029c2f1ae20c18ee5b67fb23

COCOAPODS: 1.9.3
