// !$*UTF8*$!
{
	archiveVersion = 1;
	classes = {
	};
	objectVersion = 51;
	objects = {

/* Begin PBXBuildFile section */
		05A3DC8C8F8600E4258A1C09 /* Pods_ClimbFriendsTests.framework in Frameworks */ = {isa = PBXBuildFile; fileRef = 86AF44C5EBC22E03773D101B /* Pods_ClimbFriendsTests.framework */; };
		27E97CD5B1BD28EEC4A41DEE /* Pods_ClimbFriends.framework in Frameworks */ = {isa = PBXBuildFile; fileRef = 12C3901DB0678BB1DDF741E2 /* Pods_ClimbFriends.framework */; };
		7470E0FD251741D3001FCF34 /* Scene.swift in Sources */ = {isa = PBXBuildFile; fileRef = 7470E0FC251741D3001FCF34 /* Scene.swift */; };
		7470E102251748CB001FCF34 /* SceneCoordinator.swift in Sources */ = {isa = PBXBuildFile; fileRef = 7470E101251748CB001FCF34 /* SceneCoordinator.swift */; };
		7470E10725174A19001FCF34 /* HomeViewModel.swift in Sources */ = {isa = PBXBuildFile; fileRef = 7470E10625174A19001FCF34 /* HomeViewModel.swift */; };
		7470E10F25174A5C001FCF34 /* ViewModelBindable.swift in Sources */ = {isa = PBXBuildFile; fileRef = 7470E10E25174A5C001FCF34 /* ViewModelBindable.swift */; };
		7470E13A2518D29E001FCF34 /* BaseViewModel.swift in Sources */ = {isa = PBXBuildFile; fileRef = 7470E1392518D29E001FCF34 /* BaseViewModel.swift */; };
		7476523C2513885800A49219 /* UIColorExtension.swift in Sources */ = {isa = PBXBuildFile; fileRef = 7476523B2513885800A49219 /* UIColorExtension.swift */; };
		747652452514CD2500A49219 /* CellType.swift in Sources */ = {isa = PBXBuildFile; fileRef = 747652442514CD2500A49219 /* CellType.swift */; };
		74916E662545621400D7C50F /* RouteVideoListCell.swift in Sources */ = {isa = PBXBuildFile; fileRef = 74916E642545621400D7C50F /* RouteVideoListCell.swift */; };
		74916E672545621400D7C50F /* RouteVideoListCell.xib in Resources */ = {isa = PBXBuildFile; fileRef = 74916E652545621400D7C50F /* RouteVideoListCell.xib */; };
		74916E6C254574DC00D7C50F /* LevelColorView.swift in Sources */ = {isa = PBXBuildFile; fileRef = 74916E6B254574DC00D7C50F /* LevelColorView.swift */; };
		74916E712545886700D7C50F /* VideoCell.swift in Sources */ = {isa = PBXBuildFile; fileRef = 74916E702545886700D7C50F /* VideoCell.swift */; };
		749B407E2548225F00399DC7 /* DynamicHeightCollectionView.swift in Sources */ = {isa = PBXBuildFile; fileRef = 749B407D2548225F00399DC7 /* DynamicHeightCollectionView.swift */; };
		74E28DE8250F7EF300C497ED /* AppDelegate.swift in Sources */ = {isa = PBXBuildFile; fileRef = 74E28DE7250F7EF300C497ED /* AppDelegate.swift */; };
		74E28DEC250F7EF300C497ED /* ViewController.swift in Sources */ = {isa = PBXBuildFile; fileRef = 74E28DEB250F7EF300C497ED /* ViewController.swift */; };
		74E28DEF250F7EF300C497ED /* Splash.storyboard in Resources */ = {isa = PBXBuildFile; fileRef = 74E28DED250F7EF300C497ED /* Splash.storyboard */; };
		74E28DF1250F7EF400C497ED /* Assets.xcassets in Resources */ = {isa = PBXBuildFile; fileRef = 74E28DF0250F7EF400C497ED /* Assets.xcassets */; };
		74E28DF4250F7EF400C497ED /* LaunchScreen.storyboard in Resources */ = {isa = PBXBuildFile; fileRef = 74E28DF2250F7EF400C497ED /* LaunchScreen.storyboard */; };
		74E28DFF250F7EF400C497ED /* ClimbFriendsTests.swift in Sources */ = {isa = PBXBuildFile; fileRef = 74E28DFE250F7EF400C497ED /* ClimbFriendsTests.swift */; };
		74E28E0A250F7EF400C497ED /* ClimbFriendsUITests.swift in Sources */ = {isa = PBXBuildFile; fileRef = 74E28E09250F7EF400C497ED /* ClimbFriendsUITests.swift */; };
		74E28E1A250F8D5F00C497ED /* SplashViewController.swift in Sources */ = {isa = PBXBuildFile; fileRef = 74E28E19250F8D5F00C497ED /* SplashViewController.swift */; };
		74E28E1D250F8F3600C497ED /* HomeViewController.swift in Sources */ = {isa = PBXBuildFile; fileRef = 74E28E1C250F8F3600C497ED /* HomeViewController.swift */; };
		74E28E1F250F8F4000C497ED /* Home.storyboard in Resources */ = {isa = PBXBuildFile; fileRef = 74E28E1E250F8F4000C497ED /* Home.storyboard */; };
		74E28E25250F90EE00C497ED /* UIViewExtension.swift in Sources */ = {isa = PBXBuildFile; fileRef = 74E28E24250F90EE00C497ED /* UIViewExtension.swift */; };
		74E28E2D250F9E8700C497ED /* GymCell.swift in Sources */ = {isa = PBXBuildFile; fileRef = 74E28E2C250F9E8700C497ED /* GymCell.swift */; };
		74EC9818252AD2F000BBC7A3 /* LevelGuideView.xib in Resources */ = {isa = PBXBuildFile; fileRef = 74EC9817252AD2F000BBC7A3 /* LevelGuideView.xib */; };
		74EC9831252AE11000BBC7A3 /* CALayerExtension.swift in Sources */ = {isa = PBXBuildFile; fileRef = 74EC9830252AE11000BBC7A3 /* CALayerExtension.swift */; };
		74EC983E252AE1D200BBC7A3 /* LevelGuideView.swift in Sources */ = {isa = PBXBuildFile; fileRef = 74EC983D252AE1D200BBC7A3 /* LevelGuideView.swift */; };
		74EC984D252AFCFF00BBC7A3 /* apple-sd-gothic-neo-heavy.otf in Resources */ = {isa = PBXBuildFile; fileRef = 74EC984C252AFCFF00BBC7A3 /* apple-sd-gothic-neo-heavy.otf */; };
		74EC9859252B049D00BBC7A3 /* AppleSDGothicNeo-ExtraBold.otf in Resources */ = {isa = PBXBuildFile; fileRef = 74EC9858252B049D00BBC7A3 /* AppleSDGothicNeo-ExtraBold.otf */; };
		74EC9862252B0B2D00BBC7A3 /* StringExtension.swift in Sources */ = {isa = PBXBuildFile; fileRef = 74EC9861252B0B2D00BBC7A3 /* StringExtension.swift */; };
		74EC9868252B21B200BBC7A3 /* GymRoute.swift in Sources */ = {isa = PBXBuildFile; fileRef = 74EC9867252B21B200BBC7A3 /* GymRoute.swift */; };
		74EC9921253192C200BBC7A3 /* IntExtension.swift in Sources */ = {isa = PBXBuildFile; fileRef = 74EC9920253192C200BBC7A3 /* IntExtension.swift */; };
		74EC99272531BA0700BBC7A3 /* RouteListViewController.swift in Sources */ = {isa = PBXBuildFile; fileRef = 74EC99262531BA0700BBC7A3 /* RouteListViewController.swift */; };
		74EC992F2531BA1100BBC7A3 /* RouteList.storyboard in Resources */ = {isa = PBXBuildFile; fileRef = 74EC992E2531BA1100BBC7A3 /* RouteList.storyboard */; };
		74EC993A2534871D00BBC7A3 /* TriangleView.swift in Sources */ = {isa = PBXBuildFile; fileRef = 74EC99392534871D00BBC7A3 /* TriangleView.swift */; };
		8C8881F23CF30DA3525A50F9 /* Pods_ClimbFriends_ClimbFriendsUITests.framework in Frameworks */ = {isa = PBXBuildFile; fileRef = 11CFEEEE59DC0212A80AEEB3 /* Pods_ClimbFriends_ClimbFriendsUITests.framework */; };
/* End PBXBuildFile section */

/* Begin PBXContainerItemProxy section */
		74E28DFB250F7EF400C497ED /* PBXContainerItemProxy */ = {
			isa = PBXContainerItemProxy;
			containerPortal = 74E28DDC250F7EF300C497ED /* Project object */;
			proxyType = 1;
			remoteGlobalIDString = 74E28DE3250F7EF300C497ED;
			remoteInfo = ClimbFriends;
		};
		74E28E06250F7EF400C497ED /* PBXContainerItemProxy */ = {
			isa = PBXContainerItemProxy;
			containerPortal = 74E28DDC250F7EF300C497ED /* Project object */;
			proxyType = 1;
			remoteGlobalIDString = 74E28DE3250F7EF300C497ED;
			remoteInfo = ClimbFriends;
		};
/* End PBXContainerItemProxy section */

/* Begin PBXFileReference section */
		11CFEEEE59DC0212A80AEEB3 /* Pods_ClimbFriends_ClimbFriendsUITests.framework */ = {isa = PBXFileReference; explicitFileType = wrapper.framework; includeInIndex = 0; path = Pods_ClimbFriends_ClimbFriendsUITests.framework; sourceTree = BUILT_PRODUCTS_DIR; };
		12C3901DB0678BB1DDF741E2 /* Pods_ClimbFriends.framework */ = {isa = PBXFileReference; explicitFileType = wrapper.framework; includeInIndex = 0; path = Pods_ClimbFriends.framework; sourceTree = BUILT_PRODUCTS_DIR; };
		67B1C1F39B7CF9113D1E090E /* Pods-ClimbFriendsTests.release.xcconfig */ = {isa = PBXFileReference; includeInIndex = 1; lastKnownFileType = text.xcconfig; name = "Pods-ClimbFriendsTests.release.xcconfig"; path = "Target Support Files/Pods-ClimbFriendsTests/Pods-ClimbFriendsTests.release.xcconfig"; sourceTree = "<group>"; };
		68DF4B4C10EF106E8E4C1D8D /* Pods-ClimbFriends-ClimbFriendsUITests.release.xcconfig */ = {isa = PBXFileReference; includeInIndex = 1; lastKnownFileType = text.xcconfig; name = "Pods-ClimbFriends-ClimbFriendsUITests.release.xcconfig"; path = "Target Support Files/Pods-ClimbFriends-ClimbFriendsUITests/Pods-ClimbFriends-ClimbFriendsUITests.release.xcconfig"; sourceTree = "<group>"; };
		7470E0FC251741D3001FCF34 /* Scene.swift */ = {isa = PBXFileReference; lastKnownFileType = sourcecode.swift; path = Scene.swift; sourceTree = "<group>"; };
		7470E101251748CB001FCF34 /* SceneCoordinator.swift */ = {isa = PBXFileReference; lastKnownFileType = sourcecode.swift; path = SceneCoordinator.swift; sourceTree = "<group>"; };
		7470E10625174A19001FCF34 /* HomeViewModel.swift */ = {isa = PBXFileReference; lastKnownFileType = sourcecode.swift; path = HomeViewModel.swift; sourceTree = "<group>"; };
		7470E10E25174A5C001FCF34 /* ViewModelBindable.swift */ = {isa = PBXFileReference; lastKnownFileType = sourcecode.swift; path = ViewModelBindable.swift; sourceTree = "<group>"; };
		7470E1392518D29E001FCF34 /* BaseViewModel.swift */ = {isa = PBXFileReference; lastKnownFileType = sourcecode.swift; path = BaseViewModel.swift; sourceTree = "<group>"; };
		7476523B2513885800A49219 /* UIColorExtension.swift */ = {isa = PBXFileReference; lastKnownFileType = sourcecode.swift; path = UIColorExtension.swift; sourceTree = "<group>"; };
		747652442514CD2500A49219 /* CellType.swift */ = {isa = PBXFileReference; lastKnownFileType = sourcecode.swift; path = CellType.swift; sourceTree = "<group>"; };
		74916E642545621400D7C50F /* RouteVideoListCell.swift */ = {isa = PBXFileReference; lastKnownFileType = sourcecode.swift; path = RouteVideoListCell.swift; sourceTree = "<group>"; };
		74916E652545621400D7C50F /* RouteVideoListCell.xib */ = {isa = PBXFileReference; lastKnownFileType = file.xib; path = RouteVideoListCell.xib; sourceTree = "<group>"; };
		74916E6B254574DC00D7C50F /* LevelColorView.swift */ = {isa = PBXFileReference; lastKnownFileType = sourcecode.swift; path = LevelColorView.swift; sourceTree = "<group>"; };
		74916E702545886700D7C50F /* VideoCell.swift */ = {isa = PBXFileReference; lastKnownFileType = sourcecode.swift; path = VideoCell.swift; sourceTree = "<group>"; };
		749B407D2548225F00399DC7 /* DynamicHeightCollectionView.swift */ = {isa = PBXFileReference; lastKnownFileType = sourcecode.swift; path = DynamicHeightCollectionView.swift; sourceTree = "<group>"; };
		74E28DE4250F7EF300C497ED /* ClimbFriends.app */ = {isa = PBXFileReference; explicitFileType = wrapper.application; includeInIndex = 0; path = ClimbFriends.app; sourceTree = BUILT_PRODUCTS_DIR; };
		74E28DE7250F7EF300C497ED /* AppDelegate.swift */ = {isa = PBXFileReference; lastKnownFileType = sourcecode.swift; path = AppDelegate.swift; sourceTree = "<group>"; };
		74E28DEB250F7EF300C497ED /* ViewController.swift */ = {isa = PBXFileReference; lastKnownFileType = sourcecode.swift; path = ViewController.swift; sourceTree = "<group>"; };
		74E28DEE250F7EF300C497ED /* Base */ = {isa = PBXFileReference; lastKnownFileType = file.storyboard; name = Base; path = Base.lproj/Splash.storyboard; sourceTree = "<group>"; };
		74E28DF0250F7EF400C497ED /* Assets.xcassets */ = {isa = PBXFileReference; lastKnownFileType = folder.assetcatalog; path = Assets.xcassets; sourceTree = "<group>"; };
		74E28DF3250F7EF400C497ED /* Base */ = {isa = PBXFileReference; lastKnownFileType = file.storyboard; name = Base; path = Base.lproj/LaunchScreen.storyboard; sourceTree = "<group>"; };
		74E28DF5250F7EF400C497ED /* Info.plist */ = {isa = PBXFileReference; lastKnownFileType = text.plist.xml; path = Info.plist; sourceTree = "<group>"; };
		74E28DFA250F7EF400C497ED /* ClimbFriendsTests.xctest */ = {isa = PBXFileReference; explicitFileType = wrapper.cfbundle; includeInIndex = 0; path = ClimbFriendsTests.xctest; sourceTree = BUILT_PRODUCTS_DIR; };
		74E28DFE250F7EF400C497ED /* ClimbFriendsTests.swift */ = {isa = PBXFileReference; lastKnownFileType = sourcecode.swift; path = ClimbFriendsTests.swift; sourceTree = "<group>"; };
		74E28E00250F7EF400C497ED /* Info.plist */ = {isa = PBXFileReference; lastKnownFileType = text.plist.xml; path = Info.plist; sourceTree = "<group>"; };
		74E28E05250F7EF400C497ED /* ClimbFriendsUITests.xctest */ = {isa = PBXFileReference; explicitFileType = wrapper.cfbundle; includeInIndex = 0; path = ClimbFriendsUITests.xctest; sourceTree = BUILT_PRODUCTS_DIR; };
		74E28E09250F7EF400C497ED /* ClimbFriendsUITests.swift */ = {isa = PBXFileReference; lastKnownFileType = sourcecode.swift; path = ClimbFriendsUITests.swift; sourceTree = "<group>"; };
		74E28E0B250F7EF400C497ED /* Info.plist */ = {isa = PBXFileReference; lastKnownFileType = text.plist.xml; path = Info.plist; sourceTree = "<group>"; };
		74E28E19250F8D5F00C497ED /* SplashViewController.swift */ = {isa = PBXFileReference; lastKnownFileType = sourcecode.swift; path = SplashViewController.swift; sourceTree = "<group>"; };
		74E28E1C250F8F3600C497ED /* HomeViewController.swift */ = {isa = PBXFileReference; lastKnownFileType = sourcecode.swift; path = HomeViewController.swift; sourceTree = "<group>"; };
		74E28E1E250F8F4000C497ED /* Home.storyboard */ = {isa = PBXFileReference; lastKnownFileType = file.storyboard; path = Home.storyboard; sourceTree = "<group>"; };
		74E28E24250F90EE00C497ED /* UIViewExtension.swift */ = {isa = PBXFileReference; lastKnownFileType = sourcecode.swift; path = UIViewExtension.swift; sourceTree = "<group>"; };
		74E28E2C250F9E8700C497ED /* GymCell.swift */ = {isa = PBXFileReference; lastKnownFileType = sourcecode.swift; path = GymCell.swift; sourceTree = "<group>"; };
		74EC9817252AD2F000BBC7A3 /* LevelGuideView.xib */ = {isa = PBXFileReference; lastKnownFileType = file.xib; path = LevelGuideView.xib; sourceTree = "<group>"; };
		74EC9830252AE11000BBC7A3 /* CALayerExtension.swift */ = {isa = PBXFileReference; lastKnownFileType = sourcecode.swift; path = CALayerExtension.swift; sourceTree = "<group>"; };
		74EC983D252AE1D200BBC7A3 /* LevelGuideView.swift */ = {isa = PBXFileReference; lastKnownFileType = sourcecode.swift; path = LevelGuideView.swift; sourceTree = "<group>"; };
		74EC984C252AFCFF00BBC7A3 /* apple-sd-gothic-neo-heavy.otf */ = {isa = PBXFileReference; lastKnownFileType = file; path = "apple-sd-gothic-neo-heavy.otf"; sourceTree = "<group>"; };
		74EC9858252B049D00BBC7A3 /* AppleSDGothicNeo-ExtraBold.otf */ = {isa = PBXFileReference; lastKnownFileType = file; path = "AppleSDGothicNeo-ExtraBold.otf"; sourceTree = "<group>"; };
		74EC9861252B0B2D00BBC7A3 /* StringExtension.swift */ = {isa = PBXFileReference; lastKnownFileType = sourcecode.swift; path = StringExtension.swift; sourceTree = "<group>"; };
		74EC9867252B21B200BBC7A3 /* GymRoute.swift */ = {isa = PBXFileReference; lastKnownFileType = sourcecode.swift; path = GymRoute.swift; sourceTree = "<group>"; };
		74EC9920253192C200BBC7A3 /* IntExtension.swift */ = {isa = PBXFileReference; lastKnownFileType = sourcecode.swift; path = IntExtension.swift; sourceTree = "<group>"; };
		74EC99262531BA0700BBC7A3 /* RouteListViewController.swift */ = {isa = PBXFileReference; lastKnownFileType = sourcecode.swift; path = RouteListViewController.swift; sourceTree = "<group>"; };
		74EC992E2531BA1100BBC7A3 /* RouteList.storyboard */ = {isa = PBXFileReference; lastKnownFileType = file.storyboard; path = RouteList.storyboard; sourceTree = "<group>"; };
		74EC99392534871D00BBC7A3 /* TriangleView.swift */ = {isa = PBXFileReference; lastKnownFileType = sourcecode.swift; path = TriangleView.swift; sourceTree = "<group>"; };
		7877207B78BEDA6E955A6317 /* Pods-ClimbFriends.release.xcconfig */ = {isa = PBXFileReference; includeInIndex = 1; lastKnownFileType = text.xcconfig; name = "Pods-ClimbFriends.release.xcconfig"; path = "Target Support Files/Pods-ClimbFriends/Pods-ClimbFriends.release.xcconfig"; sourceTree = "<group>"; };
		86AF44C5EBC22E03773D101B /* Pods_ClimbFriendsTests.framework */ = {isa = PBXFileReference; explicitFileType = wrapper.framework; includeInIndex = 0; path = Pods_ClimbFriendsTests.framework; sourceTree = BUILT_PRODUCTS_DIR; };
		A6F48F035C181DF84D4DF2A6 /* Pods-ClimbFriends.debug.xcconfig */ = {isa = PBXFileReference; includeInIndex = 1; lastKnownFileType = text.xcconfig; name = "Pods-ClimbFriends.debug.xcconfig"; path = "Target Support Files/Pods-ClimbFriends/Pods-ClimbFriends.debug.xcconfig"; sourceTree = "<group>"; };
		C861825BCA9C0317FD469C11 /* Pods-ClimbFriends-ClimbFriendsUITests.debug.xcconfig */ = {isa = PBXFileReference; includeInIndex = 1; lastKnownFileType = text.xcconfig; name = "Pods-ClimbFriends-ClimbFriendsUITests.debug.xcconfig"; path = "Target Support Files/Pods-ClimbFriends-ClimbFriendsUITests/Pods-ClimbFriends-ClimbFriendsUITests.debug.xcconfig"; sourceTree = "<group>"; };
		C9E56A8570A1012FAAF41F1B /* Pods-ClimbFriendsTests.debug.xcconfig */ = {isa = PBXFileReference; includeInIndex = 1; lastKnownFileType = text.xcconfig; name = "Pods-ClimbFriendsTests.debug.xcconfig"; path = "Target Support Files/Pods-ClimbFriendsTests/Pods-ClimbFriendsTests.debug.xcconfig"; sourceTree = "<group>"; };
/* End PBXFileReference section */

/* Begin PBXFrameworksBuildPhase section */
		74E28DE1250F7EF300C497ED /* Frameworks */ = {
			isa = PBXFrameworksBuildPhase;
			buildActionMask = 2147483647;
			files = (
				27E97CD5B1BD28EEC4A41DEE /* Pods_ClimbFriends.framework in Frameworks */,
			);
			runOnlyForDeploymentPostprocessing = 0;
		};
		74E28DF7250F7EF400C497ED /* Frameworks */ = {
			isa = PBXFrameworksBuildPhase;
			buildActionMask = 2147483647;
			files = (
				05A3DC8C8F8600E4258A1C09 /* Pods_ClimbFriendsTests.framework in Frameworks */,
			);
			runOnlyForDeploymentPostprocessing = 0;
		};
		74E28E02250F7EF400C497ED /* Frameworks */ = {
			isa = PBXFrameworksBuildPhase;
			buildActionMask = 2147483647;
			files = (
				8C8881F23CF30DA3525A50F9 /* Pods_ClimbFriends_ClimbFriendsUITests.framework in Frameworks */,
			);
			runOnlyForDeploymentPostprocessing = 0;
		};
/* End PBXFrameworksBuildPhase section */

/* Begin PBXGroup section */
		747652412514CBF700A49219 /* Common */ = {
			isa = PBXGroup;
			children = (
				747652422514CBFE00A49219 /* UI */,
			);
			path = Common;
			sourceTree = "<group>";
		};
		747652422514CBFE00A49219 /* UI */ = {
			isa = PBXGroup;
			children = (
				747652432514CCC200A49219 /* Enums */,
				7470E10E25174A5C001FCF34 /* ViewModelBindable.swift */,
				7470E1392518D29E001FCF34 /* BaseViewModel.swift */,
				74EC99392534871D00BBC7A3 /* TriangleView.swift */,
				74916E6B254574DC00D7C50F /* LevelColorView.swift */,
				749B407D2548225F00399DC7 /* DynamicHeightCollectionView.swift */,
			);
			path = UI;
			sourceTree = "<group>";
		};
		747652432514CCC200A49219 /* Enums */ = {
			isa = PBXGroup;
			children = (
				747652442514CD2500A49219 /* CellType.swift */,
			);
			path = Enums;
			sourceTree = "<group>";
		};
		74916E60254560FD00D7C50F /* RouteVideo */ = {
			isa = PBXGroup;
			children = (
				74916E642545621400D7C50F /* RouteVideoListCell.swift */,
				74916E652545621400D7C50F /* RouteVideoListCell.xib */,
				74916E702545886700D7C50F /* VideoCell.swift */,
			);
			path = RouteVideo;
			sourceTree = "<group>";
		};
		74B582932542B788007CC6D9 /* LevelGuideView */ = {
			isa = PBXGroup;
			children = (
				74EC9817252AD2F000BBC7A3 /* LevelGuideView.xib */,
				74EC983D252AE1D200BBC7A3 /* LevelGuideView.swift */,
			);
			path = LevelGuideView;
			sourceTree = "<group>";
		};
		74E28DDB250F7EF300C497ED = {
			isa = PBXGroup;
			children = (
				74E28DE6250F7EF300C497ED /* ClimbFriends */,
				74E28DFD250F7EF400C497ED /* ClimbFriendsTests */,
				74E28E08250F7EF400C497ED /* ClimbFriendsUITests */,
				74E28DE5250F7EF300C497ED /* Products */,
				7DDD91079D22ACCB8FA327C5 /* Pods */,
				9D3177AE1DC70DE599668805 /* Frameworks */,
			);
			sourceTree = "<group>";
		};
		74E28DE5250F7EF300C497ED /* Products */ = {
			isa = PBXGroup;
			children = (
				74E28DE4250F7EF300C497ED /* ClimbFriends.app */,
				74E28DFA250F7EF400C497ED /* ClimbFriendsTests.xctest */,
				74E28E05250F7EF400C497ED /* ClimbFriendsUITests.xctest */,
			);
			name = Products;
			sourceTree = "<group>";
		};
		74E28DE6250F7EF300C497ED /* ClimbFriends */ = {
			isa = PBXGroup;
			children = (
				74EC9842252AFBF100BBC7A3 /* Resources */,
				747652412514CBF700A49219 /* Common */,
				74E28E26250F913E00C497ED /* Coordinator */,
				74E28E23250F90CA00C497ED /* Extensions */,
				74E28E21250F90B900C497ED /* Data */,
				74E28E17250F7FAA00C497ED /* Presentation */,
				74E28DE7250F7EF300C497ED /* AppDelegate.swift */,
				74E28DEB250F7EF300C497ED /* ViewController.swift */,
				74E28DF2250F7EF400C497ED /* LaunchScreen.storyboard */,
				74E28DF5250F7EF400C497ED /* Info.plist */,
			);
			path = ClimbFriends;
			sourceTree = "<group>";
		};
		74E28DFD250F7EF400C497ED /* ClimbFriendsTests */ = {
			isa = PBXGroup;
			children = (
				74E28DFE250F7EF400C497ED /* ClimbFriendsTests.swift */,
				74E28E00250F7EF400C497ED /* Info.plist */,
			);
			path = ClimbFriendsTests;
			sourceTree = "<group>";
		};
		74E28E08250F7EF400C497ED /* ClimbFriendsUITests */ = {
			isa = PBXGroup;
			children = (
				74E28E09250F7EF400C497ED /* ClimbFriendsUITests.swift */,
				74E28E0B250F7EF400C497ED /* Info.plist */,
			);
			path = ClimbFriendsUITests;
			sourceTree = "<group>";
		};
		74E28E17250F7FAA00C497ED /* Presentation */ = {
			isa = PBXGroup;
			children = (
				74EC99252531B85600BBC7A3 /* RouteList */,
				74E28E1B250F8F2D00C497ED /* Home */,
				74E28E18250F7FB500C497ED /* Splash */,
			);
			path = Presentation;
			sourceTree = "<group>";
		};
		74E28E18250F7FB500C497ED /* Splash */ = {
			isa = PBXGroup;
			children = (
				74E28DED250F7EF300C497ED /* Splash.storyboard */,
				74E28E19250F8D5F00C497ED /* SplashViewController.swift */,
			);
			path = Splash;
			sourceTree = "<group>";
		};
		74E28E1B250F8F2D00C497ED /* Home */ = {
			isa = PBXGroup;
			children = (
				74E28E27250F91EA00C497ED /* Gym */,
				74E28E1C250F8F3600C497ED /* HomeViewController.swift */,
				7470E10625174A19001FCF34 /* HomeViewModel.swift */,
				74E28E1E250F8F4000C497ED /* Home.storyboard */,
			);
			path = Home;
			sourceTree = "<group>";
		};
		74E28E21250F90B900C497ED /* Data */ = {
			isa = PBXGroup;
			children = (
				74EC9866252B206800BBC7A3 /* Model */,
			);
			path = Data;
			sourceTree = "<group>";
		};
		74E28E23250F90CA00C497ED /* Extensions */ = {
			isa = PBXGroup;
			children = (
				74E28E24250F90EE00C497ED /* UIViewExtension.swift */,
				7476523B2513885800A49219 /* UIColorExtension.swift */,
				74EC9830252AE11000BBC7A3 /* CALayerExtension.swift */,
				74EC9861252B0B2D00BBC7A3 /* StringExtension.swift */,
				74EC9920253192C200BBC7A3 /* IntExtension.swift */,
			);
			path = Extensions;
			sourceTree = "<group>";
		};
		74E28E26250F913E00C497ED /* Coordinator */ = {
			isa = PBXGroup;
			children = (
				7470E0FC251741D3001FCF34 /* Scene.swift */,
				7470E101251748CB001FCF34 /* SceneCoordinator.swift */,
			);
			path = Coordinator;
			sourceTree = "<group>";
		};
		74E28E27250F91EA00C497ED /* Gym */ = {
			isa = PBXGroup;
			children = (
				74E28E2C250F9E8700C497ED /* GymCell.swift */,
			);
			path = Gym;
			sourceTree = "<group>";
		};
		74EC9842252AFBF100BBC7A3 /* Resources */ = {
			isa = PBXGroup;
			children = (
				74EC9851252AFD7000BBC7A3 /* Fonts */,
				74E28DF0250F7EF400C497ED /* Assets.xcassets */,
			);
			path = Resources;
			sourceTree = "<group>";
		};
		74EC9851252AFD7000BBC7A3 /* Fonts */ = {
			isa = PBXGroup;
			children = (
				74EC9858252B049D00BBC7A3 /* AppleSDGothicNeo-ExtraBold.otf */,
				74EC984C252AFCFF00BBC7A3 /* apple-sd-gothic-neo-heavy.otf */,
			);
			path = Fonts;
			sourceTree = "<group>";
		};
		74EC9866252B206800BBC7A3 /* Model */ = {
			isa = PBXGroup;
			children = (
				74EC9867252B21B200BBC7A3 /* GymRoute.swift */,
			);
			path = Model;
			sourceTree = "<group>";
		};
		74EC99252531B85600BBC7A3 /* RouteList */ = {
			isa = PBXGroup;
			children = (
				74916E60254560FD00D7C50F /* RouteVideo */,
				74B582932542B788007CC6D9 /* LevelGuideView */,
				74EC99262531BA0700BBC7A3 /* RouteListViewController.swift */,
				74EC992E2531BA1100BBC7A3 /* RouteList.storyboard */,
			);
			path = RouteList;
			sourceTree = "<group>";
		};
		7DDD91079D22ACCB8FA327C5 /* Pods */ = {
			isa = PBXGroup;
			children = (
				A6F48F035C181DF84D4DF2A6 /* Pods-ClimbFriends.debug.xcconfig */,
				7877207B78BEDA6E955A6317 /* Pods-ClimbFriends.release.xcconfig */,
				C861825BCA9C0317FD469C11 /* Pods-ClimbFriends-ClimbFriendsUITests.debug.xcconfig */,
				68DF4B4C10EF106E8E4C1D8D /* Pods-ClimbFriends-ClimbFriendsUITests.release.xcconfig */,
				C9E56A8570A1012FAAF41F1B /* Pods-ClimbFriendsTests.debug.xcconfig */,
				67B1C1F39B7CF9113D1E090E /* Pods-ClimbFriendsTests.release.xcconfig */,
			);
			path = Pods;
			sourceTree = "<group>";
		};
		9D3177AE1DC70DE599668805 /* Frameworks */ = {
			isa = PBXGroup;
			children = (
				12C3901DB0678BB1DDF741E2 /* Pods_ClimbFriends.framework */,
				11CFEEEE59DC0212A80AEEB3 /* Pods_ClimbFriends_ClimbFriendsUITests.framework */,
				86AF44C5EBC22E03773D101B /* Pods_ClimbFriendsTests.framework */,
			);
			name = Frameworks;
			sourceTree = "<group>";
		};
/* End PBXGroup section */

/* Begin PBXNativeTarget section */
		74E28DE3250F7EF300C497ED /* ClimbFriends */ = {
			isa = PBXNativeTarget;
			buildConfigurationList = 74E28E0E250F7EF400C497ED /* Build configuration list for PBXNativeTarget "ClimbFriends" */;
			buildPhases = (
				801ADF965E92F66A3EADBF4E /* [CP] Check Pods Manifest.lock */,
				74E28DE0250F7EF300C497ED /* Sources */,
				74E28DE1250F7EF300C497ED /* Frameworks */,
				74E28DE2250F7EF300C497ED /* Resources */,
				70EA29C2752315D1F1191743 /* [CP] Embed Pods Frameworks */,
			);
			buildRules = (
			);
			dependencies = (
			);
			name = ClimbFriends;
			productName = ClimbFriends;
			productReference = 74E28DE4250F7EF300C497ED /* ClimbFriends.app */;
			productType = "com.apple.product-type.application";
		};
		74E28DF9250F7EF400C497ED /* ClimbFriendsTests */ = {
			isa = PBXNativeTarget;
			buildConfigurationList = 74E28E11250F7EF400C497ED /* Build configuration list for PBXNativeTarget "ClimbFriendsTests" */;
			buildPhases = (
				20D4269CE6ABC0B53B323189 /* [CP] Check Pods Manifest.lock */,
				74E28DF6250F7EF400C497ED /* Sources */,
				74E28DF7250F7EF400C497ED /* Frameworks */,
				74E28DF8250F7EF400C497ED /* Resources */,
			);
			buildRules = (
			);
			dependencies = (
				74E28DFC250F7EF400C497ED /* PBXTargetDependency */,
			);
			name = ClimbFriendsTests;
			productName = ClimbFriendsTests;
			productReference = 74E28DFA250F7EF400C497ED /* ClimbFriendsTests.xctest */;
			productType = "com.apple.product-type.bundle.unit-test";
		};
		74E28E04250F7EF400C497ED /* ClimbFriendsUITests */ = {
			isa = PBXNativeTarget;
			buildConfigurationList = 74E28E14250F7EF400C497ED /* Build configuration list for PBXNativeTarget "ClimbFriendsUITests" */;
			buildPhases = (
				4721DD46B68980E1CE5BCC4C /* [CP] Check Pods Manifest.lock */,
				74E28E01250F7EF400C497ED /* Sources */,
				74E28E02250F7EF400C497ED /* Frameworks */,
				74E28E03250F7EF400C497ED /* Resources */,
				ECC3CDCB8CD28DB7928F0711 /* [CP] Embed Pods Frameworks */,
			);
			buildRules = (
			);
			dependencies = (
				74E28E07250F7EF400C497ED /* PBXTargetDependency */,
			);
			name = ClimbFriendsUITests;
			productName = ClimbFriendsUITests;
			productReference = 74E28E05250F7EF400C497ED /* ClimbFriendsUITests.xctest */;
			productType = "com.apple.product-type.bundle.ui-testing";
		};
/* End PBXNativeTarget section */

/* Begin PBXProject section */
		74E28DDC250F7EF300C497ED /* Project object */ = {
			isa = PBXProject;
			attributes = {
				LastSwiftUpdateCheck = 1170;
				LastUpgradeCheck = 1170;
				ORGANIZATIONNAME = jinsu;
				TargetAttributes = {
					74E28DE3250F7EF300C497ED = {
						CreatedOnToolsVersion = 11.7;
					};
					74E28DF9250F7EF400C497ED = {
						CreatedOnToolsVersion = 11.7;
						TestTargetID = 74E28DE3250F7EF300C497ED;
					};
					74E28E04250F7EF400C497ED = {
						CreatedOnToolsVersion = 11.7;
						TestTargetID = 74E28DE3250F7EF300C497ED;
					};
				};
			};
			buildConfigurationList = 74E28DDF250F7EF300C497ED /* Build configuration list for PBXProject "ClimbFriends" */;
			compatibilityVersion = "Xcode 9.3";
			developmentRegion = en;
			hasScannedForEncodings = 0;
			knownRegions = (
				en,
				Base,
			);
			mainGroup = 74E28DDB250F7EF300C497ED;
			productRefGroup = 74E28DE5250F7EF300C497ED /* Products */;
			projectDirPath = "";
			projectRoot = "";
			targets = (
				74E28DE3250F7EF300C497ED /* ClimbFriends */,
				74E28DF9250F7EF400C497ED /* ClimbFriendsTests */,
				74E28E04250F7EF400C497ED /* ClimbFriendsUITests */,
			);
		};
/* End PBXProject section */

/* Begin PBXResourcesBuildPhase section */
		74E28DE2250F7EF300C497ED /* Resources */ = {
			isa = PBXResourcesBuildPhase;
			buildActionMask = 2147483647;
			files = (
				74916E672545621400D7C50F /* RouteVideoListCell.xib in Resources */,
				74EC984D252AFCFF00BBC7A3 /* apple-sd-gothic-neo-heavy.otf in Resources */,
				74E28DF4250F7EF400C497ED /* LaunchScreen.storyboard in Resources */,
				74EC9859252B049D00BBC7A3 /* AppleSDGothicNeo-ExtraBold.otf in Resources */,
				74E28DF1250F7EF400C497ED /* Assets.xcassets in Resources */,
				74EC9818252AD2F000BBC7A3 /* LevelGuideView.xib in Resources */,
				74E28DEF250F7EF300C497ED /* Splash.storyboard in Resources */,
				74EC992F2531BA1100BBC7A3 /* RouteList.storyboard in Resources */,
				74E28E1F250F8F4000C497ED /* Home.storyboard in Resources */,
			);
			runOnlyForDeploymentPostprocessing = 0;
		};
		74E28DF8250F7EF400C497ED /* Resources */ = {
			isa = PBXResourcesBuildPhase;
			buildActionMask = 2147483647;
			files = (
			);
			runOnlyForDeploymentPostprocessing = 0;
		};
		74E28E03250F7EF400C497ED /* Resources */ = {
			isa = PBXResourcesBuildPhase;
			buildActionMask = 2147483647;
			files = (
			);
			runOnlyForDeploymentPostprocessing = 0;
		};
/* End PBXResourcesBuildPhase section */

/* Begin PBXShellScriptBuildPhase section */
		20D4269CE6ABC0B53B323189 /* [CP] Check Pods Manifest.lock */ = {
			isa = PBXShellScriptBuildPhase;
			buildActionMask = 2147483647;
			files = (
			);
			inputFileListPaths = (
			);
			inputPaths = (
				"${PODS_PODFILE_DIR_PATH}/Podfile.lock",
				"${PODS_ROOT}/Manifest.lock",
			);
			name = "[CP] Check Pods Manifest.lock";
			outputFileListPaths = (
			);
			outputPaths = (
				"$(DERIVED_FILE_DIR)/Pods-ClimbFriendsTests-checkManifestLockResult.txt",
			);
			runOnlyForDeploymentPostprocessing = 0;
			shellPath = /bin/sh;
			shellScript = "diff \"${PODS_PODFILE_DIR_PATH}/Podfile.lock\" \"${PODS_ROOT}/Manifest.lock\" > /dev/null\nif [ $? != 0 ] ; then\n    # print error to STDERR\n    echo \"error: The sandbox is not in sync with the Podfile.lock. Run 'pod install' or update your CocoaPods installation.\" >&2\n    exit 1\nfi\n# This output is used by Xcode 'outputs' to avoid re-running this script phase.\necho \"SUCCESS\" > \"${SCRIPT_OUTPUT_FILE_0}\"\n";
			showEnvVarsInLog = 0;
		};
		4721DD46B68980E1CE5BCC4C /* [CP] Check Pods Manifest.lock */ = {
			isa = PBXShellScriptBuildPhase;
			buildActionMask = 2147483647;
			files = (
			);
			inputFileListPaths = (
			);
			inputPaths = (
				"${PODS_PODFILE_DIR_PATH}/Podfile.lock",
				"${PODS_ROOT}/Manifest.lock",
			);
			name = "[CP] Check Pods Manifest.lock";
			outputFileListPaths = (
			);
			outputPaths = (
				"$(DERIVED_FILE_DIR)/Pods-ClimbFriends-ClimbFriendsUITests-checkManifestLockResult.txt",
			);
			runOnlyForDeploymentPostprocessing = 0;
			shellPath = /bin/sh;
			shellScript = "diff \"${PODS_PODFILE_DIR_PATH}/Podfile.lock\" \"${PODS_ROOT}/Manifest.lock\" > /dev/null\nif [ $? != 0 ] ; then\n    # print error to STDERR\n    echo \"error: The sandbox is not in sync with the Podfile.lock. Run 'pod install' or update your CocoaPods installation.\" >&2\n    exit 1\nfi\n# This output is used by Xcode 'outputs' to avoid re-running this script phase.\necho \"SUCCESS\" > \"${SCRIPT_OUTPUT_FILE_0}\"\n";
			showEnvVarsInLog = 0;
		};
		70EA29C2752315D1F1191743 /* [CP] Embed Pods Frameworks */ = {
			isa = PBXShellScriptBuildPhase;
			buildActionMask = 2147483647;
			files = (
			);
			inputFileListPaths = (
				"${PODS_ROOT}/Target Support Files/Pods-ClimbFriends/Pods-ClimbFriends-frameworks-${CONFIGURATION}-input-files.xcfilelist",
			);
			name = "[CP] Embed Pods Frameworks";
			outputFileListPaths = (
				"${PODS_ROOT}/Target Support Files/Pods-ClimbFriends/Pods-ClimbFriends-frameworks-${CONFIGURATION}-output-files.xcfilelist",
			);
			runOnlyForDeploymentPostprocessing = 0;
			shellPath = /bin/sh;
			shellScript = "\"${PODS_ROOT}/Target Support Files/Pods-ClimbFriends/Pods-ClimbFriends-frameworks.sh\"\n";
			showEnvVarsInLog = 0;
		};
		801ADF965E92F66A3EADBF4E /* [CP] Check Pods Manifest.lock */ = {
			isa = PBXShellScriptBuildPhase;
			buildActionMask = 2147483647;
			files = (
			);
			inputFileListPaths = (
			);
			inputPaths = (
				"${PODS_PODFILE_DIR_PATH}/Podfile.lock",
				"${PODS_ROOT}/Manifest.lock",
			);
			name = "[CP] Check Pods Manifest.lock";
			outputFileListPaths = (
			);
			outputPaths = (
				"$(DERIVED_FILE_DIR)/Pods-ClimbFriends-checkManifestLockResult.txt",
			);
			runOnlyForDeploymentPostprocessing = 0;
			shellPath = /bin/sh;
			shellScript = "diff \"${PODS_PODFILE_DIR_PATH}/Podfile.lock\" \"${PODS_ROOT}/Manifest.lock\" > /dev/null\nif [ $? != 0 ] ; then\n    # print error to STDERR\n    echo \"error: The sandbox is not in sync with the Podfile.lock. Run 'pod install' or update your CocoaPods installation.\" >&2\n    exit 1\nfi\n# This output is used by Xcode 'outputs' to avoid re-running this script phase.\necho \"SUCCESS\" > \"${SCRIPT_OUTPUT_FILE_0}\"\n";
			showEnvVarsInLog = 0;
		};
		ECC3CDCB8CD28DB7928F0711 /* [CP] Embed Pods Frameworks */ = {
			isa = PBXShellScriptBuildPhase;
			buildActionMask = 2147483647;
			files = (
			);
			inputFileListPaths = (
				"${PODS_ROOT}/Target Support Files/Pods-ClimbFriends-ClimbFriendsUITests/Pods-ClimbFriends-ClimbFriendsUITests-frameworks-${CONFIGURATION}-input-files.xcfilelist",
			);
			name = "[CP] Embed Pods Frameworks";
			outputFileListPaths = (
				"${PODS_ROOT}/Target Support Files/Pods-ClimbFriends-ClimbFriendsUITests/Pods-ClimbFriends-ClimbFriendsUITests-frameworks-${CONFIGURATION}-output-files.xcfilelist",
			);
			runOnlyForDeploymentPostprocessing = 0;
			shellPath = /bin/sh;
			shellScript = "\"${PODS_ROOT}/Target Support Files/Pods-ClimbFriends-ClimbFriendsUITests/Pods-ClimbFriends-ClimbFriendsUITests-frameworks.sh\"\n";
			showEnvVarsInLog = 0;
		};
/* End PBXShellScriptBuildPhase section */

/* Begin PBXSourcesBuildPhase section */
		74E28DE0250F7EF300C497ED /* Sources */ = {
			isa = PBXSourcesBuildPhase;
			buildActionMask = 2147483647;
			files = (
				74E28E1A250F8D5F00C497ED /* SplashViewController.swift in Sources */,
				74EC983E252AE1D200BBC7A3 /* LevelGuideView.swift in Sources */,
				7470E10725174A19001FCF34 /* HomeViewModel.swift in Sources */,
				7476523C2513885800A49219 /* UIColorExtension.swift in Sources */,
				74EC9862252B0B2D00BBC7A3 /* StringExtension.swift in Sources */,
				74EC9921253192C200BBC7A3 /* IntExtension.swift in Sources */,
				7470E10F25174A5C001FCF34 /* ViewModelBindable.swift in Sources */,
				7470E0FD251741D3001FCF34 /* Scene.swift in Sources */,
				74EC9831252AE11000BBC7A3 /* CALayerExtension.swift in Sources */,
				74E28DEC250F7EF300C497ED /* ViewController.swift in Sources */,
				74EC993A2534871D00BBC7A3 /* TriangleView.swift in Sources */,
				749B407E2548225F00399DC7 /* DynamicHeightCollectionView.swift in Sources */,
				747652452514CD2500A49219 /* CellType.swift in Sources */,
				7470E13A2518D29E001FCF34 /* BaseViewModel.swift in Sources */,
				74916E712545886700D7C50F /* VideoCell.swift in Sources */,
				74E28DE8250F7EF300C497ED /* AppDelegate.swift in Sources */,
				74E28E25250F90EE00C497ED /* UIViewExtension.swift in Sources */,
				74EC99272531BA0700BBC7A3 /* RouteListViewController.swift in Sources */,
				74EC9868252B21B200BBC7A3 /* GymRoute.swift in Sources */,
				74E28E1D250F8F3600C497ED /* HomeViewController.swift in Sources */,
				74E28E2D250F9E8700C497ED /* GymCell.swift in Sources */,
				7470E102251748CB001FCF34 /* SceneCoordinator.swift in Sources */,
				74916E662545621400D7C50F /* RouteVideoListCell.swift in Sources */,
				74916E6C254574DC00D7C50F /* LevelColorView.swift in Sources */,
			);
			runOnlyForDeploymentPostprocessing = 0;
		};
		74E28DF6250F7EF400C497ED /* Sources */ = {
			isa = PBXSourcesBuildPhase;
			buildActionMask = 2147483647;
			files = (
				74E28DFF250F7EF400C497ED /* ClimbFriendsTests.swift in Sources */,
			);
			runOnlyForDeploymentPostprocessing = 0;
		};
		74E28E01250F7EF400C497ED /* Sources */ = {
			isa = PBXSourcesBuildPhase;
			buildActionMask = 2147483647;
			files = (
				74E28E0A250F7EF400C497ED /* ClimbFriendsUITests.swift in Sources */,
			);
			runOnlyForDeploymentPostprocessing = 0;
		};
/* End PBXSourcesBuildPhase section */

/* Begin PBXTargetDependency section */
		74E28DFC250F7EF400C497ED /* PBXTargetDependency */ = {
			isa = PBXTargetDependency;
			target = 74E28DE3250F7EF300C497ED /* ClimbFriends */;
			targetProxy = 74E28DFB250F7EF400C497ED /* PBXContainerItemProxy */;
		};
		74E28E07250F7EF400C497ED /* PBXTargetDependency */ = {
			isa = PBXTargetDependency;
			target = 74E28DE3250F7EF300C497ED /* ClimbFriends */;
			targetProxy = 74E28E06250F7EF400C497ED /* PBXContainerItemProxy */;
		};
/* End PBXTargetDependency section */

/* Begin PBXVariantGroup section */
		74E28DED250F7EF300C497ED /* Splash.storyboard */ = {
			isa = PBXVariantGroup;
			children = (
				74E28DEE250F7EF300C497ED /* Base */,
			);
			name = Splash.storyboard;
			sourceTree = "<group>";
		};
		74E28DF2250F7EF400C497ED /* LaunchScreen.storyboard */ = {
			isa = PBXVariantGroup;
			children = (
				74E28DF3250F7EF400C497ED /* Base */,
			);
			name = LaunchScreen.storyboard;
			sourceTree = "<group>";
		};
/* End PBXVariantGroup section */

/* Begin XCBuildConfiguration section */
		74E28E0C250F7EF400C497ED /* Debug */ = {
			isa = XCBuildConfiguration;
			buildSettings = {
				ALWAYS_SEARCH_USER_PATHS = NO;
				CLANG_ANALYZER_NONNULL = YES;
				CLANG_ANALYZER_NUMBER_OBJECT_CONVERSION = YES_AGGRESSIVE;
				CLANG_CXX_LANGUAGE_STANDARD = "gnu++14";
				CLANG_CXX_LIBRARY = "libc++";
				CLANG_ENABLE_MODULES = YES;
				CLANG_ENABLE_OBJC_ARC = YES;
				CLANG_ENABLE_OBJC_WEAK = YES;
				CLANG_WARN_BLOCK_CAPTURE_AUTORELEASING = YES;
				CLANG_WARN_BOOL_CONVERSION = YES;
				CLANG_WARN_COMMA = YES;
				CLANG_WARN_CONSTANT_CONVERSION = YES;
				CLANG_WARN_DEPRECATED_OBJC_IMPLEMENTATIONS = YES;
				CLANG_WARN_DIRECT_OBJC_ISA_USAGE = YES_ERROR;
				CLANG_WARN_DOCUMENTATION_COMMENTS = YES;
				CLANG_WARN_EMPTY_BODY = YES;
				CLANG_WARN_ENUM_CONVERSION = YES;
				CLANG_WARN_INFINITE_RECURSION = YES;
				CLANG_WARN_INT_CONVERSION = YES;
				CLANG_WARN_NON_LITERAL_NULL_CONVERSION = YES;
				CLANG_WARN_OBJC_IMPLICIT_RETAIN_SELF = YES;
				CLANG_WARN_OBJC_LITERAL_CONVERSION = YES;
				CLANG_WARN_OBJC_ROOT_CLASS = YES_ERROR;
				CLANG_WARN_RANGE_LOOP_ANALYSIS = YES;
				CLANG_WARN_STRICT_PROTOTYPES = YES;
				CLANG_WARN_SUSPICIOUS_MOVE = YES;
				CLANG_WARN_UNGUARDED_AVAILABILITY = YES_AGGRESSIVE;
				CLANG_WARN_UNREACHABLE_CODE = YES;
				CLANG_WARN__DUPLICATE_METHOD_MATCH = YES;
				COPY_PHASE_STRIP = NO;
				DEBUG_INFORMATION_FORMAT = dwarf;
				ENABLE_STRICT_OBJC_MSGSEND = YES;
				ENABLE_TESTABILITY = YES;
				GCC_C_LANGUAGE_STANDARD = gnu11;
				GCC_DYNAMIC_NO_PIC = NO;
				GCC_NO_COMMON_BLOCKS = YES;
				GCC_OPTIMIZATION_LEVEL = 0;
				GCC_PREPROCESSOR_DEFINITIONS = (
					"DEBUG=1",
					"$(inherited)",
				);
				GCC_WARN_64_TO_32_BIT_CONVERSION = YES;
				GCC_WARN_ABOUT_RETURN_TYPE = YES_ERROR;
				GCC_WARN_UNDECLARED_SELECTOR = YES;
				GCC_WARN_UNINITIALIZED_AUTOS = YES_AGGRESSIVE;
				GCC_WARN_UNUSED_FUNCTION = YES;
				GCC_WARN_UNUSED_VARIABLE = YES;
				IPHONEOS_DEPLOYMENT_TARGET = 12.0;
				MTL_ENABLE_DEBUG_INFO = INCLUDE_SOURCE;
				MTL_FAST_MATH = YES;
				ONLY_ACTIVE_ARCH = YES;
				SDKROOT = iphoneos;
				SWIFT_ACTIVE_COMPILATION_CONDITIONS = DEBUG;
				SWIFT_OPTIMIZATION_LEVEL = "-Onone";
			};
			name = Debug;
		};
		74E28E0D250F7EF400C497ED /* Release */ = {
			isa = XCBuildConfiguration;
			buildSettings = {
				ALWAYS_SEARCH_USER_PATHS = NO;
				CLANG_ANALYZER_NONNULL = YES;
				CLANG_ANALYZER_NUMBER_OBJECT_CONVERSION = YES_AGGRESSIVE;
				CLANG_CXX_LANGUAGE_STANDARD = "gnu++14";
				CLANG_CXX_LIBRARY = "libc++";
				CLANG_ENABLE_MODULES = YES;
				CLANG_ENABLE_OBJC_ARC = YES;
				CLANG_ENABLE_OBJC_WEAK = YES;
				CLANG_WARN_BLOCK_CAPTURE_AUTORELEASING = YES;
				CLANG_WARN_BOOL_CONVERSION = YES;
				CLANG_WARN_COMMA = YES;
				CLANG_WARN_CONSTANT_CONVERSION = YES;
				CLANG_WARN_DEPRECATED_OBJC_IMPLEMENTATIONS = YES;
				CLANG_WARN_DIRECT_OBJC_ISA_USAGE = YES_ERROR;
				CLANG_WARN_DOCUMENTATION_COMMENTS = YES;
				CLANG_WARN_EMPTY_BODY = YES;
				CLANG_WARN_ENUM_CONVERSION = YES;
				CLANG_WARN_INFINITE_RECURSION = YES;
				CLANG_WARN_INT_CONVERSION = YES;
				CLANG_WARN_NON_LITERAL_NULL_CONVERSION = YES;
				CLANG_WARN_OBJC_IMPLICIT_RETAIN_SELF = YES;
				CLANG_WARN_OBJC_LITERAL_CONVERSION = YES;
				CLANG_WARN_OBJC_ROOT_CLASS = YES_ERROR;
				CLANG_WARN_RANGE_LOOP_ANALYSIS = YES;
				CLANG_WARN_STRICT_PROTOTYPES = YES;
				CLANG_WARN_SUSPICIOUS_MOVE = YES;
				CLANG_WARN_UNGUARDED_AVAILABILITY = YES_AGGRESSIVE;
				CLANG_WARN_UNREACHABLE_CODE = YES;
				CLANG_WARN__DUPLICATE_METHOD_MATCH = YES;
				COPY_PHASE_STRIP = NO;
				DEBUG_INFORMATION_FORMAT = "dwarf-with-dsym";
				ENABLE_NS_ASSERTIONS = NO;
				ENABLE_STRICT_OBJC_MSGSEND = YES;
				GCC_C_LANGUAGE_STANDARD = gnu11;
				GCC_NO_COMMON_BLOCKS = YES;
				GCC_WARN_64_TO_32_BIT_CONVERSION = YES;
				GCC_WARN_ABOUT_RETURN_TYPE = YES_ERROR;
				GCC_WARN_UNDECLARED_SELECTOR = YES;
				GCC_WARN_UNINITIALIZED_AUTOS = YES_AGGRESSIVE;
				GCC_WARN_UNUSED_FUNCTION = YES;
				GCC_WARN_UNUSED_VARIABLE = YES;
				IPHONEOS_DEPLOYMENT_TARGET = 12.0;
				MTL_ENABLE_DEBUG_INFO = NO;
				MTL_FAST_MATH = YES;
				SDKROOT = iphoneos;
				SWIFT_COMPILATION_MODE = wholemodule;
				SWIFT_OPTIMIZATION_LEVEL = "-O";
				VALIDATE_PRODUCT = YES;
			};
			name = Release;
		};
		74E28E0F250F7EF400C497ED /* Debug */ = {
			isa = XCBuildConfiguration;
			baseConfigurationReference = A6F48F035C181DF84D4DF2A6 /* Pods-ClimbFriends.debug.xcconfig */;
			buildSettings = {
				ASSETCATALOG_COMPILER_APPICON_NAME = AppIcon;
				CODE_SIGN_STYLE = Automatic;
				DEVELOPMENT_TEAM = AL9L4NE9HL;
				INFOPLIST_FILE = ClimbFriends/Info.plist;
				IPHONEOS_DEPLOYMENT_TARGET = 12.0;
				LD_RUNPATH_SEARCH_PATHS = (
					"$(inherited)",
					"@executable_path/Frameworks",
				);
				PRODUCT_BUNDLE_IDENTIFIER = com.cf.ClimbFriends;
				PRODUCT_NAME = "$(TARGET_NAME)";
				SWIFT_VERSION = 5.0;
				TARGETED_DEVICE_FAMILY = 1;
			};
			name = Debug;
		};
		74E28E10250F7EF400C497ED /* Release */ = {
			isa = XCBuildConfiguration;
			baseConfigurationReference = 7877207B78BEDA6E955A6317 /* Pods-ClimbFriends.release.xcconfig */;
			buildSettings = {
				ASSETCATALOG_COMPILER_APPICON_NAME = AppIcon;
				CODE_SIGN_STYLE = Automatic;
				DEVELOPMENT_TEAM = AL9L4NE9HL;
				INFOPLIST_FILE = ClimbFriends/Info.plist;
				IPHONEOS_DEPLOYMENT_TARGET = 12.0;
				LD_RUNPATH_SEARCH_PATHS = (
					"$(inherited)",
					"@executable_path/Frameworks",
				);
				PRODUCT_BUNDLE_IDENTIFIER = com.cf.ClimbFriends;
				PRODUCT_NAME = "$(TARGET_NAME)";
				SWIFT_VERSION = 5.0;
				TARGETED_DEVICE_FAMILY = 1;
			};
			name = Release;
		};
		74E28E12250F7EF400C497ED /* Debug */ = {
			isa = XCBuildConfiguration;
			baseConfigurationReference = C9E56A8570A1012FAAF41F1B /* Pods-ClimbFriendsTests.debug.xcconfig */;
			buildSettings = {
				ALWAYS_EMBED_SWIFT_STANDARD_LIBRARIES = YES;
				BUNDLE_LOADER = "$(TEST_HOST)";
				CODE_SIGN_STYLE = Automatic;
				DEVELOPMENT_TEAM = HSKSVJPZJD;
				INFOPLIST_FILE = ClimbFriendsTests/Info.plist;
				IPHONEOS_DEPLOYMENT_TARGET = 13.7;
				LD_RUNPATH_SEARCH_PATHS = (
					"$(inherited)",
					"@executable_path/Frameworks",
					"@loader_path/Frameworks",
				);
				PRODUCT_BUNDLE_IDENTIFIER = com.cf.ClimbFriendsTests;
				PRODUCT_NAME = "$(TARGET_NAME)";
				SWIFT_VERSION = 5.0;
				TARGETED_DEVICE_FAMILY = "1,2";
				TEST_HOST = "$(BUILT_PRODUCTS_DIR)/ClimbFriends.app/ClimbFriends";
			};
			name = Debug;
		};
		74E28E13250F7EF400C497ED /* Release */ = {
			isa = XCBuildConfiguration;
			baseConfigurationReference = 67B1C1F39B7CF9113D1E090E /* Pods-ClimbFriendsTests.release.xcconfig */;
			buildSettings = {
				ALWAYS_EMBED_SWIFT_STANDARD_LIBRARIES = YES;
				BUNDLE_LOADER = "$(TEST_HOST)";
				CODE_SIGN_STYLE = Automatic;
				DEVELOPMENT_TEAM = HSKSVJPZJD;
				INFOPLIST_FILE = ClimbFriendsTests/Info.plist;
				IPHONEOS_DEPLOYMENT_TARGET = 13.7;
				LD_RUNPATH_SEARCH_PATHS = (
					"$(inherited)",
					"@executable_path/Frameworks",
					"@loader_path/Frameworks",
				);
				PRODUCT_BUNDLE_IDENTIFIER = com.cf.ClimbFriendsTests;
				PRODUCT_NAME = "$(TARGET_NAME)";
				SWIFT_VERSION = 5.0;
				TARGETED_DEVICE_FAMILY = "1,2";
				TEST_HOST = "$(BUILT_PRODUCTS_DIR)/ClimbFriends.app/ClimbFriends";
			};
			name = Release;
		};
		74E28E15250F7EF400C497ED /* Debug */ = {
			isa = XCBuildConfiguration;
			baseConfigurationReference = C861825BCA9C0317FD469C11 /* Pods-ClimbFriends-ClimbFriendsUITests.debug.xcconfig */;
			buildSettings = {
				ALWAYS_EMBED_SWIFT_STANDARD_LIBRARIES = YES;
				CODE_SIGN_STYLE = Automatic;
				DEVELOPMENT_TEAM = HSKSVJPZJD;
				INFOPLIST_FILE = ClimbFriendsUITests/Info.plist;
				LD_RUNPATH_SEARCH_PATHS = (
					"$(inherited)",
					"@executable_path/Frameworks",
					"@loader_path/Frameworks",
				);
				PRODUCT_BUNDLE_IDENTIFIER = com.cf.ClimbFriendsUITests;
				PRODUCT_NAME = "$(TARGET_NAME)";
				SWIFT_VERSION = 5.0;
				TARGETED_DEVICE_FAMILY = "1,2";
				TEST_TARGET_NAME = ClimbFriends;
			};
			name = Debug;
		};
		74E28E16250F7EF400C497ED /* Release */ = {
			isa = XCBuildConfiguration;
			baseConfigurationReference = 68DF4B4C10EF106E8E4C1D8D /* Pods-ClimbFriends-ClimbFriendsUITests.release.xcconfig */;
			buildSettings = {
				ALWAYS_EMBED_SWIFT_STANDARD_LIBRARIES = YES;
				CODE_SIGN_STYLE = Automatic;
				DEVELOPMENT_TEAM = HSKSVJPZJD;
				INFOPLIST_FILE = ClimbFriendsUITests/Info.plist;
				LD_RUNPATH_SEARCH_PATHS = (
					"$(inherited)",
					"@executable_path/Frameworks",
					"@loader_path/Frameworks",
				);
				PRODUCT_BUNDLE_IDENTIFIER = com.cf.ClimbFriendsUITests;
				PRODUCT_NAME = "$(TARGET_NAME)";
				SWIFT_VERSION = 5.0;
				TARGETED_DEVICE_FAMILY = "1,2";
				TEST_TARGET_NAME = ClimbFriends;
			};
			name = Release;
		};
/* End XCBuildConfiguration section */

/* Begin XCConfigurationList section */
		74E28DDF250F7EF300C497ED /* Build configuration list for PBXProject "ClimbFriends" */ = {
			isa = XCConfigurationList;
			buildConfigurations = (
				74E28E0C250F7EF400C497ED /* Debug */,
				74E28E0D250F7EF400C497ED /* Release */,
			);
			defaultConfigurationIsVisible = 0;
			defaultConfigurationName = Release;
		};
		74E28E0E250F7EF400C497ED /* Build configuration list for PBXNativeTarget "ClimbFriends" */ = {
			isa = XCConfigurationList;
			buildConfigurations = (
				74E28E0F250F7EF400C497ED /* Debug */,
				74E28E10250F7EF400C497ED /* Release */,
			);
			defaultConfigurationIsVisible = 0;
			defaultConfigurationName = Release;
		};
		74E28E11250F7EF400C497ED /* Build configuration list for PBXNativeTarget "ClimbFriendsTests" */ = {
			isa = XCConfigurationList;
			buildConfigurations = (
				74E28E12250F7EF400C497ED /* Debug */,
				74E28E13250F7EF400C497ED /* Release */,
			);
			defaultConfigurationIsVisible = 0;
			defaultConfigurationName = Release;
		};
		74E28E14250F7EF400C497ED /* Build configuration list for PBXNativeTarget "ClimbFriendsUITests" */ = {
			isa = XCConfigurationList;
			buildConfigurations = (
				74E28E15250F7EF400C497ED /* Debug */,
				74E28E16250F7EF400C497ED /* Release */,
			);
			defaultConfigurationIsVisible = 0;
			defaultConfigurationName = Release;
		};
/* End XCConfigurationList section */
	};
	rootObject = 74E28DDC250F7EF300C497ED /* Project object */;
}
